
Microsoft Visual Studio Solution File, Format Version 12.00
# Visual Studio Version 17
VisualStudioVersion = 17.8.34330.188
MinimumVisualStudioVersion = 10.0.40219.1
Project("{FAE04EC0-301F-11D3-BF4B-00C04F79EFBC}") = "BlazorPersistTest", "BlazorPersistTest\BlazorPersistTest\BlazorPersistTest.csproj", "{688DE06F-C472-45A0-82C9-FC0D4E42F2A6}"
EndProject
Project("{FAE04EC0-301F-11D3-BF4B-00C04F79EFBC}") = "BlazorPersistTest.Client", "BlazorPersistTest\BlazorPersistTest.Client\BlazorPersistTest.Client.csproj", "{5D87D592-2FE6-4D24-9DAD-9D472E487DBF}"
EndProject
Global
	GlobalSection(SolutionConfigurationPlatforms) = preSolution
		Debug|Any CPU = Debug|Any CPU
		Release|Any CPU = Release|Any CPU
	EndGlobalSection
	GlobalSection(ProjectConfigurationPlatforms) = postSolution
		{688DE06F-C472-45A0-82C9-FC0D4E42F2A6}.Debug|Any CPU.ActiveCfg = Debug|Any CPU
		{688DE06F-C472-45A0-82C9-FC0D4E42F2A6}.Debug|Any CPU.Build.0 = Debug|Any CPU
		{688DE06F-C472-45A0-82C9-FC0D4E42F2A6}.Release|Any CPU.ActiveCfg = Release|Any CPU
		{688DE06F-C472-45A0-82C9-FC0D4E42F2A6}.Release|Any CPU.Build.0 = Release|Any CPU
		{5D87D592-2FE6-4D24-9DAD-9D472E487DBF}.Debug|Any CPU.ActiveCfg = Debug|Any CPU
		{5D87D592-2FE6-4D24-9DAD-9D472E487DBF}.Debug|Any CPU.Build.0 = Debug|Any CPU
		{5D87D592-2FE6-4D24-9DAD-9D472E487DBF}.Release|Any CPU.ActiveCfg = Release|Any CPU
		{5D87D592-2FE6-4D24-9DAD-9D472E487DBF}.Release|Any CPU.Build.0 = Release|Any CPU
	EndGlobalSection
	GlobalSection(SolutionProperties) = preSolution
		HideSolutionNode = FALSE
	EndGlobalSection
	GlobalSection(ExtensibilityGlobals) = postSolution
		SolutionGuid = {7CAE8AF4-5C8C-4003-A749-C525B7FE0AE4}
	EndGlobalSection
EndGlobal
